
Microsoft Visual Studio Solution File, Format Version 12.00
# Visual Studio Version 16
VisualStudioVersion = 16.0.32228.343
MinimumVisualStudioVersion = 10.0.40219.1
Project("{FAE04EC0-301F-11D3-BF4B-00C04F79EFBC}") = "DMP2122Final", "DMP2122Final.csproj", "{DBCDC077-5101-4858-BA62-07316E7FD52B}"
EndProject
Global
	GlobalSection(SolutionConfigurationPlatforms) = preSolution
		Debug|Any CPU = Debug|Any CPU
		Release|Any CPU = Release|Any CPU
	EndGlobalSection
	GlobalSection(ProjectConfigurationPlatforms) = postSolution
		{DBCDC077-5101-4858-BA62-07316E7FD52B}.Debug|Any CPU.ActiveCfg = Debug|Any CPU
		{DBCDC077-5101-4858-BA62-07316E7FD52B}.Debug|Any CPU.Build.0 = Debug|Any CPU
		{DBCDC077-5101-4858-BA62-07316E7FD52B}.Release|Any CPU.ActiveCfg = Release|Any CPU
		{DBCDC077-5101-4858-BA62-07316E7FD52B}.Release|Any CPU.Build.0 = Release|Any CPU
	EndGlobalSection
	GlobalSection(SolutionProperties) = preSolution
		HideSolutionNode = FALSE
	EndGlobalSection
	GlobalSection(ExtensibilityGlobals) = postSolution
		SolutionGuid = {32F1C3FF-7C83-41CE-B256-8031AD9E2DC9}
	EndGlobalSection
EndGlobal
